// !$*UTF8*$!
{
	archiveVersion = 1;
	classes = {
	};
	objectVersion = 50;
	objects = {

/* Begin PBXBuildFile section */
		A290A83E255507DF0059B0BC /* main.swift in Sources */ = {isa = PBXBuildFile; fileRef = A290A83D255507DF0059B0BC /* main.swift */; };
		A290A849255508830059B0BC /* p1008.swift in Sources */ = {isa = PBXBuildFile; fileRef = A290A848255508830059B0BC /* p1008.swift */; };
		A290A84F255509D50059B0BC /* p1000.swift in Sources */ = {isa = PBXBuildFile; fileRef = A290A84E255509D50059B0BC /* p1000.swift */; };
		A290A85225550A390059B0BC /* p2438.swift in Sources */ = {isa = PBXBuildFile; fileRef = A290A85125550A390059B0BC /* p2438.swift */; };
		A290A85525550A580059B0BC /* p2920.swift in Sources */ = {isa = PBXBuildFile; fileRef = A290A85425550A580059B0BC /* p2920.swift */; };
		A290A85825550A800059B0BC /* p8958.swift in Sources */ = {isa = PBXBuildFile; fileRef = A290A85725550A800059B0BC /* p8958.swift */; };
		A290A85B25550EA00059B0BC /* p11654.swift in Sources */ = {isa = PBXBuildFile; fileRef = A290A85A25550EA00059B0BC /* p11654.swift */; };
/* End PBXBuildFile section */

/* Begin PBXCopyFilesBuildPhase section */
		A290A838255507DF0059B0BC /* CopyFiles */ = {
			isa = PBXCopyFilesBuildPhase;
			buildActionMask = 2147483647;
			dstPath = /usr/share/man/man1/;
			dstSubfolderSpec = 0;
			files = (
			);
			runOnlyForDeploymentPostprocessing = 1;
		};
/* End PBXCopyFilesBuildPhase section */

/* Begin PBXFileReference section */
		A290A83A255507DF0059B0BC /* algorithm_main */ = {isa = PBXFileReference; explicitFileType = "compiled.mach-o.executable"; includeInIndex = 0; path = algorithm_main; sourceTree = BUILT_PRODUCTS_DIR; };
		A290A83D255507DF0059B0BC /* main.swift */ = {isa = PBXFileReference; lastKnownFileType = sourcecode.swift; path = main.swift; sourceTree = "<group>"; };
		A290A848255508830059B0BC /* p1008.swift */ = {isa = PBXFileReference; lastKnownFileType = sourcecode.swift; path = p1008.swift; sourceTree = "<group>"; };
		A290A84E255509D50059B0BC /* p1000.swift */ = {isa = PBXFileReference; lastKnownFileType = sourcecode.swift; path = p1000.swift; sourceTree = "<group>"; };
		A290A85125550A390059B0BC /* p2438.swift */ = {isa = PBXFileReference; lastKnownFileType = sourcecode.swift; path = p2438.swift; sourceTree = "<group>"; };
		A290A85425550A580059B0BC /* p2920.swift */ = {isa = PBXFileReference; lastKnownFileType = sourcecode.swift; path = p2920.swift; sourceTree = "<group>"; };
		A290A85725550A800059B0BC /* p8958.swift */ = {isa = PBXFileReference; lastKnownFileType = sourcecode.swift; path = p8958.swift; sourceTree = "<group>"; };
		A290A85A25550EA00059B0BC /* p11654.swift */ = {isa = PBXFileReference; lastKnownFileType = sourcecode.swift; path = p11654.swift; sourceTree = "<group>"; };
/* End PBXFileReference section */

/* Begin PBXFrameworksBuildPhase section */
		A290A837255507DF0059B0BC /* Frameworks */ = {
			isa = PBXFrameworksBuildPhase;
			buildActionMask = 2147483647;
			files = (
			);
			runOnlyForDeploymentPostprocessing = 0;
		};
/* End PBXFrameworksBuildPhase section */

/* Begin PBXGroup section */
		A290A831255507DF0059B0BC = {
			isa = PBXGroup;
			children = (
				A290A83C255507DF0059B0BC /* algorithm_main */,
				A290A83B255507DF0059B0BC /* Products */,
			);
			sourceTree = "<group>";
		};
		A290A83B255507DF0059B0BC /* Products */ = {
			isa = PBXGroup;
			children = (
				A290A83A255507DF0059B0BC /* algorithm_main */,
			);
			name = Products;
			sourceTree = "<group>";
		};
		A290A83C255507DF0059B0BC /* algorithm_main */ = {
			isa = PBXGroup;
			children = (
				A290A83D255507DF0059B0BC /* main.swift */,
				A290A85125550A390059B0BC /* p2438.swift */,
				A290A85425550A580059B0BC /* p2920.swift */,
				A290A85725550A800059B0BC /* p8958.swift */,
				A290A85A25550EA00059B0BC /* p11654.swift */,
				A290A84E255509D50059B0BC /* p1000.swift */,
				A290A848255508830059B0BC /* p1008.swift */,
			);
			path = algorithm_main;
			sourceTree = "<group>";
		};
/* End PBXGroup section */

/* Begin PBXNativeTarget section */
		A290A839255507DF0059B0BC /* algorithm_main */ = {
			isa = PBXNativeTarget;
			buildConfigurationList = A290A841255507DF0059B0BC /* Build configuration list for PBXNativeTarget "algorithm_main" */;
			buildPhases = (
				A290A836255507DF0059B0BC /* Sources */,
				A290A837255507DF0059B0BC /* Frameworks */,
				A290A838255507DF0059B0BC /* CopyFiles */,
			);
			buildRules = (
			);
			dependencies = (
			);
			name = algorithm_main;
			productName = algorithm_main;
			productReference = A290A83A255507DF0059B0BC /* algorithm_main */;
			productType = "com.apple.product-type.tool";
		};
/* End PBXNativeTarget section */

/* Begin PBXProject section */
		A290A832255507DF0059B0BC /* Project object */ = {
			isa = PBXProject;
			attributes = {
				LastSwiftUpdateCheck = 1210;
				LastUpgradeCheck = 1210;
				TargetAttributes = {
					A290A839255507DF0059B0BC = {
						CreatedOnToolsVersion = 12.1;
					};
				};
			};
			buildConfigurationList = A290A835255507DF0059B0BC /* Build configuration list for PBXProject "algorithm_main" */;
			compatibilityVersion = "Xcode 9.3";
			developmentRegion = en;
			hasScannedForEncodings = 0;
			knownRegions = (
				en,
				Base,
			);
			mainGroup = A290A831255507DF0059B0BC;
			productRefGroup = A290A83B255507DF0059B0BC /* Products */;
			projectDirPath = "";
			projectRoot = "";
			targets = (
				A290A839255507DF0059B0BC /* algorithm_main */,
			);
		};
/* End PBXProject section */

/* Begin PBXSourcesBuildPhase section */
		A290A836255507DF0059B0BC /* Sources */ = {
			isa = PBXSourcesBuildPhase;
			buildActionMask = 2147483647;
			files = (
				A290A85825550A800059B0BC /* p8958.swift in Sources */,
				A290A83E255507DF0059B0BC /* main.swift in Sources */,
				A290A849255508830059B0BC /* p1008.swift in Sources */,
				A290A84F255509D50059B0BC /* p1000.swift in Sources */,
				A290A85225550A390059B0BC /* p2438.swift in Sources */,
				A290A85B25550EA00059B0BC /* p11654.swift in Sources */,
				A290A85525550A580059B0BC /* p2920.swift in Sources */,
			);
			runOnlyForDeploymentPostprocessing = 0;
		};
/* End PBXSourcesBuildPhase section */

/* Begin XCBuildConfiguration section */
		A290A83F255507DF0059B0BC /* Debug */ = {
			isa = XCBuildConfiguration;
			buildSettings = {
				ALWAYS_SEARCH_USER_PATHS = NO;
				CLANG_ANALYZER_NONNULL = YES;
				CLANG_ANALYZER_NUMBER_OBJECT_CONVERSION = YES_AGGRESSIVE;
				CLANG_CXX_LANGUAGE_STANDARD = "gnu++14";
				CLANG_CXX_LIBRARY = "libc++";
				CLANG_ENABLE_MODULES = YES;
				CLANG_ENABLE_OBJC_ARC = YES;
				CLANG_ENABLE_OBJC_WEAK = YES;
				CLANG_WARN_BLOCK_CAPTURE_AUTORELEASING = YES;
				CLANG_WARN_BOOL_CONVERSION = YES;
				CLANG_WARN_COMMA = YES;
				CLANG_WARN_CONSTANT_CONVERSION = YES;
				CLANG_WARN_DEPRECATED_OBJC_IMPLEMENTATIONS = YES;
				CLANG_WARN_DIRECT_OBJC_ISA_USAGE = YES_ERROR;
				CLANG_WARN_DOCUMENTATION_COMMENTS = YES;
				CLANG_WARN_EMPTY_BODY = YES;
				CLANG_WARN_ENUM_CONVERSION = YES;
				CLANG_WARN_INFINITE_RECURSION = YES;
				CLANG_WARN_INT_CONVERSION = YES;
				CLANG_WARN_NON_LITERAL_NULL_CONVERSION = YES;
				CLANG_WARN_OBJC_IMPLICIT_RETAIN_SELF = YES;
				CLANG_WARN_OBJC_LITERAL_CONVERSION = YES;
				CLANG_WARN_OBJC_ROOT_CLASS = YES_ERROR;
				CLANG_WARN_QUOTED_INCLUDE_IN_FRAMEWORK_HEADER = YES;
				CLANG_WARN_RANGE_LOOP_ANALYSIS = YES;
				CLANG_WARN_STRICT_PROTOTYPES = YES;
				CLANG_WARN_SUSPICIOUS_MOVE = YES;
				CLANG_WARN_UNGUARDED_AVAILABILITY = YES_AGGRESSIVE;
				CLANG_WARN_UNREACHABLE_CODE = YES;
				CLANG_WARN__DUPLICATE_METHOD_MATCH = YES;
				COPY_PHASE_STRIP = NO;
				DEBUG_INFORMATION_FORMAT = dwarf;
				ENABLE_STRICT_OBJC_MSGSEND = YES;
				ENABLE_TESTABILITY = YES;
				GCC_C_LANGUAGE_STANDARD = gnu11;
				GCC_DYNAMIC_NO_PIC = NO;
				GCC_NO_COMMON_BLOCKS = YES;
				GCC_OPTIMIZATION_LEVEL = 0;
				GCC_PREPROCESSOR_DEFINITIONS = (
					"DEBUG=1",
					"$(inherited)",
				);
				GCC_WARN_64_TO_32_BIT_CONVERSION = YES;
				GCC_WARN_ABOUT_RETURN_TYPE = YES_ERROR;
				GCC_WARN_UNDECLARED_SELECTOR = YES;
				GCC_WARN_UNINITIALIZED_AUTOS = YES_AGGRESSIVE;
				GCC_WARN_UNUSED_FUNCTION = YES;
				GCC_WARN_UNUSED_VARIABLE = YES;
				MACOSX_DEPLOYMENT_TARGET = 10.15;
				MTL_ENABLE_DEBUG_INFO = INCLUDE_SOURCE;
				MTL_FAST_MATH = YES;
				ONLY_ACTIVE_ARCH = YES;
				SDKROOT = macosx;
				SWIFT_ACTIVE_COMPILATION_CONDITIONS = DEBUG;
				SWIFT_OPTIMIZATION_LEVEL = "-Onone";
			};
			name = Debug;
		};
		A290A840255507DF0059B0BC /* Release */ = {
			isa = XCBuildConfiguration;
			buildSettings = {
				ALWAYS_SEARCH_USER_PATHS = NO;
				CLANG_ANALYZER_NONNULL = YES;
				CLANG_ANALYZER_NUMBER_OBJECT_CONVERSION = YES_AGGRESSIVE;
				CLANG_CXX_LANGUAGE_STANDARD = "gnu++14";
				CLANG_CXX_LIBRARY = "libc++";
				CLANG_ENABLE_MODULES = YES;
				CLANG_ENABLE_OBJC_ARC = YES;
				CLANG_ENABLE_OBJC_WEAK = YES;
				CLANG_WARN_BLOCK_CAPTURE_AUTORELEASING = YES;
				CLANG_WARN_BOOL_CONVERSION = YES;
				CLANG_WARN_COMMA = YES;
				CLANG_WARN_CONSTANT_CONVERSION = YES;
				CLANG_WARN_DEPRECATED_OBJC_IMPLEMENTATIONS = YES;
				CLANG_WARN_DIRECT_OBJC_ISA_USAGE = YES_ERROR;
				CLANG_WARN_DOCUMENTATION_COMMENTS = YES;
				CLANG_WARN_EMPTY_BODY = YES;
				CLANG_WARN_ENUM_CONVERSION = YES;
				CLANG_WARN_INFINITE_RECURSION = YES;
				CLANG_WARN_INT_CONVERSION = YES;
				CLANG_WARN_NON_LITERAL_NULL_CONVERSION = YES;
				CLANG_WARN_OBJC_IMPLICIT_RETAIN_SELF = YES;
				CLANG_WARN_OBJC_LITERAL_CONVERSION = YES;
				CLANG_WARN_OBJC_ROOT_CLASS = YES_ERROR;
				CLANG_WARN_QUOTED_INCLUDE_IN_FRAMEWORK_HEADER = YES;
				CLANG_WARN_RANGE_LOOP_ANALYSIS = YES;
				CLANG_WARN_STRICT_PROTOTYPES = YES;
				CLANG_WARN_SUSPICIOUS_MOVE = YES;
				CLANG_WARN_UNGUARDED_AVAILABILITY = YES_AGGRESSIVE;
				CLANG_WARN_UNREACHABLE_CODE = YES;
				CLANG_WARN__DUPLICATE_METHOD_MATCH = YES;
				COPY_PHASE_STRIP = NO;
				DEBUG_INFORMATION_FORMAT = "dwarf-with-dsym";
				ENABLE_NS_ASSERTIONS = NO;
				ENABLE_STRICT_OBJC_MSGSEND = YES;
				GCC_C_LANGUAGE_STANDARD = gnu11;
				GCC_NO_COMMON_BLOCKS = YES;
				GCC_WARN_64_TO_32_BIT_CONVERSION = YES;
				GCC_WARN_ABOUT_RETURN_TYPE = YES_ERROR;
				GCC_WARN_UNDECLARED_SELECTOR = YES;
				GCC_WARN_UNINITIALIZED_AUTOS = YES_AGGRESSIVE;
				GCC_WARN_UNUSED_FUNCTION = YES;
				GCC_WARN_UNUSED_VARIABLE = YES;
				MACOSX_DEPLOYMENT_TARGET = 10.15;
				MTL_ENABLE_DEBUG_INFO = NO;
				MTL_FAST_MATH = YES;
				SDKROOT = macosx;
				SWIFT_COMPILATION_MODE = wholemodule;
				SWIFT_OPTIMIZATION_LEVEL = "-O";
			};
			name = Release;
		};
		A290A842255507DF0059B0BC /* Debug */ = {
			isa = XCBuildConfiguration;
			buildSettings = {
				CODE_SIGN_STYLE = Automatic;
				DEVELOPMENT_TEAM = 89R7N92L7F;
				ENABLE_HARDENED_RUNTIME = YES;
				PRODUCT_NAME = "$(TARGET_NAME)";
				SWIFT_VERSION = 5.0;
			};
			name = Debug;
		};
		A290A843255507DF0059B0BC /* Release */ = {
			isa = XCBuildConfiguration;
			buildSettings = {
				CODE_SIGN_STYLE = Automatic;
				DEVELOPMENT_TEAM = 89R7N92L7F;
				ENABLE_HARDENED_RUNTIME = YES;
				PRODUCT_NAME = "$(TARGET_NAME)";
				SWIFT_VERSION = 5.0;
			};
			name = Release;
		};
/* End XCBuildConfiguration section */

/* Begin XCConfigurationList section */
		A290A835255507DF0059B0BC /* Build configuration list for PBXProject "algorithm_main" */ = {
			isa = XCConfigurationList;
			buildConfigurations = (
				A290A83F255507DF0059B0BC /* Debug */,
				A290A840255507DF0059B0BC /* Release */,
			);
			defaultConfigurationIsVisible = 0;
			defaultConfigurationName = Release;
		};
		A290A841255507DF0059B0BC /* Build configuration list for PBXNativeTarget "algorithm_main" */ = {
			isa = XCConfigurationList;
			buildConfigurations = (
				A290A842255507DF0059B0BC /* Debug */,
				A290A843255507DF0059B0BC /* Release */,
			);
			defaultConfigurationIsVisible = 0;
			defaultConfigurationName = Release;
		};
/* End XCConfigurationList section */
	};
	rootObject = A290A832255507DF0059B0BC /* Project object */;
}
