// !$*UTF8*$!
{
	archiveVersion = 1;
	classes = {
	};
	objectVersion = 50;
	objects = {

/* Begin PBXBuildFile section */
		A26943B22574A64C0029BCDB /* AppDelegate.swift in Sources */ = {isa = PBXBuildFile; fileRef = A26943B12574A64C0029BCDB /* AppDelegate.swift */; };
		A26943B42574A64C0029BCDB /* SceneDelegate.swift in Sources */ = {isa = PBXBuildFile; fileRef = A26943B32574A64C0029BCDB /* SceneDelegate.swift */; };
		A26943B62574A64C0029BCDB /* ViewController.swift in Sources */ = {isa = PBXBuildFile; fileRef = A26943B52574A64C0029BCDB /* ViewController.swift */; };
		A26943B92574A64C0029BCDB /* Main.storyboard in Resources */ = {isa = PBXBuildFile; fileRef = A26943B72574A64C0029BCDB /* Main.storyboard */; };
		A26943BB2574A64D0029BCDB /* Assets.xcassets in Resources */ = {isa = PBXBuildFile; fileRef = A26943BA2574A64D0029BCDB /* Assets.xcassets */; };
		A26943BE2574A64D0029BCDB /* LaunchScreen.storyboard in Resources */ = {isa = PBXBuildFile; fileRef = A26943BC2574A64D0029BCDB /* LaunchScreen.storyboard */; };
		A26943CC257518B10029BCDB /* MusicViewController.swift in Sources */ = {isa = PBXBuildFile; fileRef = A26943CB257518B10029BCDB /* MusicViewController.swift */; };
		A26943D82577F7910029BCDB /* wave.png in Resources */ = {isa = PBXBuildFile; fileRef = A26943D72577F7910029BCDB /* wave.png */; };
		A26943DB2578B54B0029BCDB /* PlayerModel.swift in Sources */ = {isa = PBXBuildFile; fileRef = A26943DA2578B54B0029BCDB /* PlayerModel.swift */; };
/* End PBXBuildFile section */

/* Begin PBXFileReference section */
		A26943AE2574A64C0029BCDB /* Continuous.app */ = {isa = PBXFileReference; explicitFileType = wrapper.application; includeInIndex = 0; path = Continuous.app; sourceTree = BUILT_PRODUCTS_DIR; };
		A26943B12574A64C0029BCDB /* AppDelegate.swift */ = {isa = PBXFileReference; lastKnownFileType = sourcecode.swift; path = AppDelegate.swift; sourceTree = "<group>"; };
		A26943B32574A64C0029BCDB /* SceneDelegate.swift */ = {isa = PBXFileReference; lastKnownFileType = sourcecode.swift; path = SceneDelegate.swift; sourceTree = "<group>"; };
		A26943B52574A64C0029BCDB /* ViewController.swift */ = {isa = PBXFileReference; lastKnownFileType = sourcecode.swift; path = ViewController.swift; sourceTree = "<group>"; };
		A26943B82574A64C0029BCDB /* Base */ = {isa = PBXFileReference; lastKnownFileType = file.storyboard; name = Base; path = Base.lproj/Main.storyboard; sourceTree = "<group>"; };
		A26943BA2574A64D0029BCDB /* Assets.xcassets */ = {isa = PBXFileReference; lastKnownFileType = folder.assetcatalog; path = Assets.xcassets; sourceTree = "<group>"; };
		A26943BD2574A64D0029BCDB /* Base */ = {isa = PBXFileReference; lastKnownFileType = file.storyboard; name = Base; path = Base.lproj/LaunchScreen.storyboard; sourceTree = "<group>"; };
		A26943BF2574A64D0029BCDB /* Info.plist */ = {isa = PBXFileReference; lastKnownFileType = text.plist.xml; path = Info.plist; sourceTree = "<group>"; };
		A26943CB257518B10029BCDB /* MusicViewController.swift */ = {isa = PBXFileReference; lastKnownFileType = sourcecode.swift; path = MusicViewController.swift; sourceTree = "<group>"; };
		A26943D72577F7910029BCDB /* wave.png */ = {isa = PBXFileReference; lastKnownFileType = image.png; path = wave.png; sourceTree = "<group>"; };
		A26943DA2578B54B0029BCDB /* PlayerModel.swift */ = {isa = PBXFileReference; lastKnownFileType = sourcecode.swift; path = PlayerModel.swift; sourceTree = "<group>"; };
/* End PBXFileReference section */

/* Begin PBXFrameworksBuildPhase section */
		A26943AB2574A64C0029BCDB /* Frameworks */ = {
			isa = PBXFrameworksBuildPhase;
			buildActionMask = 2147483647;
			files = (
			);
			runOnlyForDeploymentPostprocessing = 0;
		};
/* End PBXFrameworksBuildPhase section */

/* Begin PBXGroup section */
		A26943A52574A64B0029BCDB = {
			isa = PBXGroup;
			children = (
				A26943B02574A64C0029BCDB /* Flow Playlist */,
				A26943AF2574A64C0029BCDB /* Products */,
			);
			sourceTree = "<group>";
		};
		A26943AF2574A64C0029BCDB /* Products */ = {
			isa = PBXGroup;
			children = (
				A26943AE2574A64C0029BCDB /* Continuous.app */,
			);
			name = Products;
			sourceTree = "<group>";
		};
		A26943B02574A64C0029BCDB /* Flow Playlist */ = {
			isa = PBXGroup;
			children = (
				A26943B12574A64C0029BCDB /* AppDelegate.swift */,
				A26943B32574A64C0029BCDB /* SceneDelegate.swift */,
				A26943DA2578B54B0029BCDB /* PlayerModel.swift */,
				A26943B52574A64C0029BCDB /* ViewController.swift */,
				A26943CB257518B10029BCDB /* MusicViewController.swift */,
				A26943B72574A64C0029BCDB /* Main.storyboard */,
				A26943BA2574A64D0029BCDB /* Assets.xcassets */,
				A26943BC2574A64D0029BCDB /* LaunchScreen.storyboard */,
				A26943BF2574A64D0029BCDB /* Info.plist */,
				A26943D72577F7910029BCDB /* wave.png */,
			);
			path = "Flow Playlist";
			sourceTree = "<group>";
		};
/* End PBXGroup section */

/* Begin PBXNativeTarget section */
		A26943AD2574A64C0029BCDB /* Continuous */ = {
			isa = PBXNativeTarget;
			buildConfigurationList = A26943C22574A64D0029BCDB /* Build configuration list for PBXNativeTarget "Continuous" */;
			buildPhases = (
				A26943AA2574A64C0029BCDB /* Sources */,
				A26943AB2574A64C0029BCDB /* Frameworks */,
				A26943AC2574A64C0029BCDB /* Resources */,
			);
			buildRules = (
			);
			dependencies = (
			);
			name = Continuous;
			productName = "Flow Playlist";
			productReference = A26943AE2574A64C0029BCDB /* Continuous.app */;
			productType = "com.apple.product-type.application";
		};
/* End PBXNativeTarget section */

/* Begin PBXProject section */
		A26943A62574A64B0029BCDB /* Project object */ = {
			isa = PBXProject;
			attributes = {
				LastSwiftUpdateCheck = 1220;
				LastUpgradeCheck = 1220;
				TargetAttributes = {
					A26943AD2574A64C0029BCDB = {
						CreatedOnToolsVersion = 12.2;
					};
				};
			};
			buildConfigurationList = A26943A92574A64B0029BCDB /* Build configuration list for PBXProject "Continuous" */;
			compatibilityVersion = "Xcode 9.3";
			developmentRegion = en;
			hasScannedForEncodings = 0;
			knownRegions = (
				en,
				Base,
			);
			mainGroup = A26943A52574A64B0029BCDB;
			productRefGroup = A26943AF2574A64C0029BCDB /* Products */;
			projectDirPath = "";
			projectRoot = "";
			targets = (
				A26943AD2574A64C0029BCDB /* Continuous */,
			);
		};
/* End PBXProject section */

/* Begin PBXResourcesBuildPhase section */
		A26943AC2574A64C0029BCDB /* Resources */ = {
			isa = PBXResourcesBuildPhase;
			buildActionMask = 2147483647;
			files = (
				A26943BE2574A64D0029BCDB /* LaunchScreen.storyboard in Resources */,
				A26943BB2574A64D0029BCDB /* Assets.xcassets in Resources */,
				A26943D82577F7910029BCDB /* wave.png in Resources */,
				A26943B92574A64C0029BCDB /* Main.storyboard in Resources */,
			);
			runOnlyForDeploymentPostprocessing = 0;
		};
/* End PBXResourcesBuildPhase section */

/* Begin PBXSourcesBuildPhase section */
		A26943AA2574A64C0029BCDB /* Sources */ = {
			isa = PBXSourcesBuildPhase;
			buildActionMask = 2147483647;
			files = (
				A26943DB2578B54B0029BCDB /* PlayerModel.swift in Sources */,
				A26943B62574A64C0029BCDB /* ViewController.swift in Sources */,
				A26943CC257518B10029BCDB /* MusicViewController.swift in Sources */,
				A26943B22574A64C0029BCDB /* AppDelegate.swift in Sources */,
				A26943B42574A64C0029BCDB /* SceneDelegate.swift in Sources */,
			);
			runOnlyForDeploymentPostprocessing = 0;
		};
/* End PBXSourcesBuildPhase section */

/* Begin PBXVariantGroup section */
		A26943B72574A64C0029BCDB /* Main.storyboard */ = {
			isa = PBXVariantGroup;
			children = (
				A26943B82574A64C0029BCDB /* Base */,
			);
			name = Main.storyboard;
			sourceTree = "<group>";
		};
		A26943BC2574A64D0029BCDB /* LaunchScreen.storyboard */ = {
			isa = PBXVariantGroup;
			children = (
				A26943BD2574A64D0029BCDB /* Base */,
			);
			name = LaunchScreen.storyboard;
			sourceTree = "<group>";
		};
/* End PBXVariantGroup section */

/* Begin XCBuildConfiguration section */
		A26943C02574A64D0029BCDB /* Debug */ = {
			isa = XCBuildConfiguration;
			buildSettings = {
				ALWAYS_SEARCH_USER_PATHS = NO;
				CLANG_ANALYZER_NONNULL = YES;
				CLANG_ANALYZER_NUMBER_OBJECT_CONVERSION = YES_AGGRESSIVE;
				CLANG_CXX_LANGUAGE_STANDARD = "gnu++14";
				CLANG_CXX_LIBRARY = "libc++";
				CLANG_ENABLE_MODULES = YES;
				CLANG_ENABLE_OBJC_ARC = YES;
				CLANG_ENABLE_OBJC_WEAK = YES;
				CLANG_WARN_BLOCK_CAPTURE_AUTORELEASING = YES;
				CLANG_WARN_BOOL_CONVERSION = YES;
				CLANG_WARN_COMMA = YES;
				CLANG_WARN_CONSTANT_CONVERSION = YES;
				CLANG_WARN_DEPRECATED_OBJC_IMPLEMENTATIONS = YES;
				CLANG_WARN_DIRECT_OBJC_ISA_USAGE = YES_ERROR;
				CLANG_WARN_DOCUMENTATION_COMMENTS = YES;
				CLANG_WARN_EMPTY_BODY = YES;
				CLANG_WARN_ENUM_CONVERSION = YES;
				CLANG_WARN_INFINITE_RECURSION = YES;
				CLANG_WARN_INT_CONVERSION = YES;
				CLANG_WARN_NON_LITERAL_NULL_CONVERSION = YES;
				CLANG_WARN_OBJC_IMPLICIT_RETAIN_SELF = YES;
				CLANG_WARN_OBJC_LITERAL_CONVERSION = YES;
				CLANG_WARN_OBJC_ROOT_CLASS = YES_ERROR;
				CLANG_WARN_QUOTED_INCLUDE_IN_FRAMEWORK_HEADER = YES;
				CLANG_WARN_RANGE_LOOP_ANALYSIS = YES;
				CLANG_WARN_STRICT_PROTOTYPES = YES;
				CLANG_WARN_SUSPICIOUS_MOVE = YES;
				CLANG_WARN_UNGUARDED_AVAILABILITY = YES_AGGRESSIVE;
				CLANG_WARN_UNREACHABLE_CODE = YES;
				CLANG_WARN__DUPLICATE_METHOD_MATCH = YES;
				COPY_PHASE_STRIP = NO;
				DEBUG_INFORMATION_FORMAT = dwarf;
				ENABLE_STRICT_OBJC_MSGSEND = YES;
				ENABLE_TESTABILITY = YES;
				GCC_C_LANGUAGE_STANDARD = gnu11;
				GCC_DYNAMIC_NO_PIC = NO;
				GCC_NO_COMMON_BLOCKS = YES;
				GCC_OPTIMIZATION_LEVEL = 0;
				GCC_PREPROCESSOR_DEFINITIONS = (
					"DEBUG=1",
					"$(inherited)",
				);
				GCC_WARN_64_TO_32_BIT_CONVERSION = YES;
				GCC_WARN_ABOUT_RETURN_TYPE = YES_ERROR;
				GCC_WARN_UNDECLARED_SELECTOR = YES;
				GCC_WARN_UNINITIALIZED_AUTOS = YES_AGGRESSIVE;
				GCC_WARN_UNUSED_FUNCTION = YES;
				GCC_WARN_UNUSED_VARIABLE = YES;
				IPHONEOS_DEPLOYMENT_TARGET = 14.2;
				MTL_ENABLE_DEBUG_INFO = INCLUDE_SOURCE;
				MTL_FAST_MATH = YES;
				ONLY_ACTIVE_ARCH = YES;
				SDKROOT = iphoneos;
				SWIFT_ACTIVE_COMPILATION_CONDITIONS = DEBUG;
				SWIFT_OPTIMIZATION_LEVEL = "-Onone";
			};
			name = Debug;
		};
		A26943C12574A64D0029BCDB /* Release */ = {
			isa = XCBuildConfiguration;
			buildSettings = {
				ALWAYS_SEARCH_USER_PATHS = NO;
				CLANG_ANALYZER_NONNULL = YES;
				CLANG_ANALYZER_NUMBER_OBJECT_CONVERSION = YES_AGGRESSIVE;
				CLANG_CXX_LANGUAGE_STANDARD = "gnu++14";
				CLANG_CXX_LIBRARY = "libc++";
				CLANG_ENABLE_MODULES = YES;
				CLANG_ENABLE_OBJC_ARC = YES;
				CLANG_ENABLE_OBJC_WEAK = YES;
				CLANG_WARN_BLOCK_CAPTURE_AUTORELEASING = YES;
				CLANG_WARN_BOOL_CONVERSION = YES;
				CLANG_WARN_COMMA = YES;
				CLANG_WARN_CONSTANT_CONVERSION = YES;
				CLANG_WARN_DEPRECATED_OBJC_IMPLEMENTATIONS = YES;
				CLANG_WARN_DIRECT_OBJC_ISA_USAGE = YES_ERROR;
				CLANG_WARN_DOCUMENTATION_COMMENTS = YES;
				CLANG_WARN_EMPTY_BODY = YES;
				CLANG_WARN_ENUM_CONVERSION = YES;
				CLANG_WARN_INFINITE_RECURSION = YES;
				CLANG_WARN_INT_CONVERSION = YES;
				CLANG_WARN_NON_LITERAL_NULL_CONVERSION = YES;
				CLANG_WARN_OBJC_IMPLICIT_RETAIN_SELF = YES;
				CLANG_WARN_OBJC_LITERAL_CONVERSION = YES;
				CLANG_WARN_OBJC_ROOT_CLASS = YES_ERROR;
				CLANG_WARN_QUOTED_INCLUDE_IN_FRAMEWORK_HEADER = YES;
				CLANG_WARN_RANGE_LOOP_ANALYSIS = YES;
				CLANG_WARN_STRICT_PROTOTYPES = YES;
				CLANG_WARN_SUSPICIOUS_MOVE = YES;
				CLANG_WARN_UNGUARDED_AVAILABILITY = YES_AGGRESSIVE;
				CLANG_WARN_UNREACHABLE_CODE = YES;
				CLANG_WARN__DUPLICATE_METHOD_MATCH = YES;
				COPY_PHASE_STRIP = NO;
				DEBUG_INFORMATION_FORMAT = "dwarf-with-dsym";
				ENABLE_NS_ASSERTIONS = NO;
				ENABLE_STRICT_OBJC_MSGSEND = YES;
				GCC_C_LANGUAGE_STANDARD = gnu11;
				GCC_NO_COMMON_BLOCKS = YES;
				GCC_WARN_64_TO_32_BIT_CONVERSION = YES;
				GCC_WARN_ABOUT_RETURN_TYPE = YES_ERROR;
				GCC_WARN_UNDECLARED_SELECTOR = YES;
				GCC_WARN_UNINITIALIZED_AUTOS = YES_AGGRESSIVE;
				GCC_WARN_UNUSED_FUNCTION = YES;
				GCC_WARN_UNUSED_VARIABLE = YES;
				IPHONEOS_DEPLOYMENT_TARGET = 14.2;
				MTL_ENABLE_DEBUG_INFO = NO;
				MTL_FAST_MATH = YES;
				SDKROOT = iphoneos;
				SWIFT_COMPILATION_MODE = wholemodule;
				SWIFT_OPTIMIZATION_LEVEL = "-O";
				VALIDATE_PRODUCT = YES;
			};
			name = Release;
		};
		A26943C32574A64D0029BCDB /* Debug */ = {
			isa = XCBuildConfiguration;
			buildSettings = {
				ASSETCATALOG_COMPILER_APPICON_NAME = AppIcon;
				ASSETCATALOG_COMPILER_GLOBAL_ACCENT_COLOR_NAME = AccentColor;
				CODE_SIGN_STYLE = Automatic;
				DEVELOPMENT_TEAM = 89R7N92L7F;
				INFOPLIST_FILE = "Flow Playlist/Info.plist";
				LD_RUNPATH_SEARCH_PATHS = (
					"$(inherited)",
					"@executable_path/Frameworks",
				);
				PRODUCT_BUNDLE_IDENTIFIER = "com.example.codesquad.Flow-Playlist";
				PRODUCT_NAME = "$(TARGET_NAME)";
				SWIFT_VERSION = 5.0;
				TARGETED_DEVICE_FAMILY = "1,2";
			};
			name = Debug;
		};
		A26943C42574A64D0029BCDB /* Release */ = {
			isa = XCBuildConfiguration;
			buildSettings = {
				ASSETCATALOG_COMPILER_APPICON_NAME = AppIcon;
				ASSETCATALOG_COMPILER_GLOBAL_ACCENT_COLOR_NAME = AccentColor;
				CODE_SIGN_STYLE = Automatic;
				DEVELOPMENT_TEAM = 89R7N92L7F;
				INFOPLIST_FILE = "Flow Playlist/Info.plist";
				LD_RUNPATH_SEARCH_PATHS = (
					"$(inherited)",
					"@executable_path/Frameworks",
				);
				PRODUCT_BUNDLE_IDENTIFIER = "com.example.codesquad.Flow-Playlist";
				PRODUCT_NAME = "$(TARGET_NAME)";
				SWIFT_VERSION = 5.0;
				TARGETED_DEVICE_FAMILY = "1,2";
			};
			name = Release;
		};
/* End XCBuildConfiguration section */

/* Begin XCConfigurationList section */
		A26943A92574A64B0029BCDB /* Build configuration list for PBXProject "Continuous" */ = {
			isa = XCConfigurationList;
			buildConfigurations = (
				A26943C02574A64D0029BCDB /* Debug */,
				A26943C12574A64D0029BCDB /* Release */,
			);
			defaultConfigurationIsVisible = 0;
			defaultConfigurationName = Release;
		};
		A26943C22574A64D0029BCDB /* Build configuration list for PBXNativeTarget "Continuous" */ = {
			isa = XCConfigurationList;
			buildConfigurations = (
				A26943C32574A64D0029BCDB /* Debug */,
				A26943C42574A64D0029BCDB /* Release */,
			);
			defaultConfigurationIsVisible = 0;
			defaultConfigurationName = Release;
		};
/* End XCConfigurationList section */
	};
	rootObject = A26943A62574A64B0029BCDB /* Project object */;
}
